
Microsoft Visual Studio Solution File, Format Version 12.00
# Visual Studio 15
VisualStudioVersion = 15.0.28307.1062
MinimumVisualStudioVersion = 10.0.40219.1
Project("{FAE04EC0-301F-11D3-BF4B-00C04F79EFBC}") = "TestDigital.Android", "TestDigital\TestDigital.Android\TestDigital.Android.csproj", "{538D2272-98FA-4A01-9122-D68A40CA5AE7}"
EndProject
Project("{FAE04EC0-301F-11D3-BF4B-00C04F79EFBC}") = "TestDigital.iOS", "TestDigital\TestDigital.iOS\TestDigital.iOS.csproj", "{9128032D-39DA-4C26-B5E1-CB34D2B9036E}"
EndProject
Project("{FAE04EC0-301F-11D3-BF4B-00C04F79EFBC}") = "TestDigital", "TestDigital\TestDigital\TestDigital.csproj", "{034329CC-F168-4DBE-AB7D-913F1DAB1DBE}"
EndProject
Global
	GlobalSection(SolutionConfigurationPlatforms) = preSolution
		Ad-Hoc|Any CPU = Ad-Hoc|Any CPU
		Ad-Hoc|iPhone = Ad-Hoc|iPhone
		Ad-Hoc|iPhoneSimulator = Ad-Hoc|iPhoneSimulator
		AppStore|Any CPU = AppStore|Any CPU
		AppStore|iPhone = AppStore|iPhone
		AppStore|iPhoneSimulator = AppStore|iPhoneSimulator
		Debug|Any CPU = Debug|Any CPU
		Debug|iPhone = Debug|iPhone
		Debug|iPhoneSimulator = Debug|iPhoneSimulator
		Release|Any CPU = Release|Any CPU
		Release|iPhone = Release|iPhone
		Release|iPhoneSimulator = Release|iPhoneSimulator
	EndGlobalSection
	GlobalSection(ProjectConfigurationPlatforms) = postSolution
		{538D2272-98FA-4A01-9122-D68A40CA5AE7}.Ad-Hoc|Any CPU.ActiveCfg = Release|Any CPU
		{538D2272-98FA-4A01-9122-D68A40CA5AE7}.Ad-Hoc|Any CPU.Build.0 = Release|Any CPU
		{538D2272-98FA-4A01-9122-D68A40CA5AE7}.Ad-Hoc|Any CPU.Deploy.0 = Release|Any CPU
		{538D2272-98FA-4A01-9122-D68A40CA5AE7}.Ad-Hoc|iPhone.ActiveCfg = Release|Any CPU
		{538D2272-98FA-4A01-9122-D68A40CA5AE7}.Ad-Hoc|iPhone.Build.0 = Release|Any CPU
		{538D2272-98FA-4A01-9122-D68A40CA5AE7}.Ad-Hoc|iPhone.Deploy.0 = Release|Any CPU
		{538D2272-98FA-4A01-9122-D68A40CA5AE7}.Ad-Hoc|iPhoneSimulator.ActiveCfg = Release|Any CPU
		{538D2272-98FA-4A01-9122-D68A40CA5AE7}.Ad-Hoc|iPhoneSimulator.Build.0 = Release|Any CPU
		{538D2272-98FA-4A01-9122-D68A40CA5AE7}.Ad-Hoc|iPhoneSimulator.Deploy.0 = Release|Any CPU
		{538D2272-98FA-4A01-9122-D68A40CA5AE7}.AppStore|Any CPU.ActiveCfg = Release|Any CPU
		{538D2272-98FA-4A01-9122-D68A40CA5AE7}.AppStore|Any CPU.Build.0 = Release|Any CPU
		{538D2272-98FA-4A01-9122-D68A40CA5AE7}.AppStore|Any CPU.Deploy.0 = Release|Any CPU
		{538D2272-98FA-4A01-9122-D68A40CA5AE7}.AppStore|iPhone.ActiveCfg = Release|Any CPU
		{538D2272-98FA-4A01-9122-D68A40CA5AE7}.AppStore|iPhone.Build.0 = Release|Any CPU
		{538D2272-98FA-4A01-9122-D68A40CA5AE7}.AppStore|iPhone.Deploy.0 = Release|Any CPU
		{538D2272-98FA-4A01-9122-D68A40CA5AE7}.AppStore|iPhoneSimulator.ActiveCfg = Release|Any CPU
		{538D2272-98FA-4A01-9122-D68A40CA5AE7}.AppStore|iPhoneSimulator.Build.0 = Release|Any CPU
		{538D2272-98FA-4A01-9122-D68A40CA5AE7}.AppStore|iPhoneSimulator.Deploy.0 = Release|Any CPU
		{538D2272-98FA-4A01-9122-D68A40CA5AE7}.Debug|Any CPU.ActiveCfg = Debug|Any CPU
		{538D2272-98FA-4A01-9122-D68A40CA5AE7}.Debug|Any CPU.Build.0 = Debug|Any CPU
		{538D2272-98FA-4A01-9122-D68A40CA5AE7}.Debug|Any CPU.Deploy.0 = Debug|Any CPU
		{538D2272-98FA-4A01-9122-D68A40CA5AE7}.Debug|iPhone.ActiveCfg = Debug|Any CPU
		{538D2272-98FA-4A01-9122-D68A40CA5AE7}.Debug|iPhone.Build.0 = Debug|Any CPU
		{538D2272-98FA-4A01-9122-D68A40CA5AE7}.Debug|iPhone.Deploy.0 = Debug|Any CPU
		{538D2272-98FA-4A01-9122-D68A40CA5AE7}.Debug|iPhoneSimulator.ActiveCfg = Debug|Any CPU
		{538D2272-98FA-4A01-9122-D68A40CA5AE7}.Debug|iPhoneSimulator.Build.0 = Debug|Any CPU
		{538D2272-98FA-4A01-9122-D68A40CA5AE7}.Debug|iPhoneSimulator.Deploy.0 = Debug|Any CPU
		{538D2272-98FA-4A01-9122-D68A40CA5AE7}.Release|Any CPU.ActiveCfg = Release|Any CPU
		{538D2272-98FA-4A01-9122-D68A40CA5AE7}.Release|Any CPU.Build.0 = Release|Any CPU
		{538D2272-98FA-4A01-9122-D68A40CA5AE7}.Release|Any CPU.Deploy.0 = Release|Any CPU
		{538D2272-98FA-4A01-9122-D68A40CA5AE7}.Release|iPhone.ActiveCfg = Release|Any CPU
		{538D2272-98FA-4A01-9122-D68A40CA5AE7}.Release|iPhone.Build.0 = Release|Any CPU
		{538D2272-98FA-4A01-9122-D68A40CA5AE7}.Release|iPhone.Deploy.0 = Release|Any CPU
		{538D2272-98FA-4A01-9122-D68A40CA5AE7}.Release|iPhoneSimulator.ActiveCfg = Release|Any CPU
		{538D2272-98FA-4A01-9122-D68A40CA5AE7}.Release|iPhoneSimulator.Build.0 = Release|Any CPU
		{538D2272-98FA-4A01-9122-D68A40CA5AE7}.Release|iPhoneSimulator.Deploy.0 = Release|Any CPU
		{9128032D-39DA-4C26-B5E1-CB34D2B9036E}.Ad-Hoc|Any CPU.ActiveCfg = Ad-Hoc|iPhone
		{9128032D-39DA-4C26-B5E1-CB34D2B9036E}.Ad-Hoc|Any CPU.Build.0 = Ad-Hoc|iPhone
		{9128032D-39DA-4C26-B5E1-CB34D2B9036E}.Ad-Hoc|Any CPU.Deploy.0 = Ad-Hoc|iPhone
		{9128032D-39DA-4C26-B5E1-CB34D2B9036E}.Ad-Hoc|iPhone.ActiveCfg = Ad-Hoc|iPhone
		{9128032D-39DA-4C26-B5E1-CB34D2B9036E}.Ad-Hoc|iPhone.Build.0 = Ad-Hoc|iPhone
		{9128032D-39DA-4C26-B5E1-CB34D2B9036E}.Ad-Hoc|iPhone.Deploy.0 = Ad-Hoc|iPhone
		{9128032D-39DA-4C26-B5E1-CB34D2B9036E}.Ad-Hoc|iPhoneSimulator.ActiveCfg = Ad-Hoc|iPhoneSimulator
		{9128032D-39DA-4C26-B5E1-CB34D2B9036E}.Ad-Hoc|iPhoneSimulator.Build.0 = Ad-Hoc|iPhoneSimulator
		{9128032D-39DA-4C26-B5E1-CB34D2B9036E}.Ad-Hoc|iPhoneSimulator.Deploy.0 = Ad-Hoc|iPhoneSimulator
		{9128032D-39DA-4C26-B5E1-CB34D2B9036E}.AppStore|Any CPU.ActiveCfg = AppStore|iPhone
		{9128032D-39DA-4C26-B5E1-CB34D2B9036E}.AppStore|Any CPU.Build.0 = AppStore|iPhone
		{9128032D-39DA-4C26-B5E1-CB34D2B9036E}.AppStore|Any CPU.Deploy.0 = AppStore|iPhone
		{9128032D-39DA-4C26-B5E1-CB34D2B9036E}.AppStore|iPhone.ActiveCfg = AppStore|iPhone
		{9128032D-39DA-4C26-B5E1-CB34D2B9036E}.AppStore|iPhone.Build.0 = AppStore|iPhone
		{9128032D-39DA-4C26-B5E1-CB34D2B9036E}.AppStore|iPhone.Deploy.0 = AppStore|iPhone
		{9128032D-39DA-4C26-B5E1-CB34D2B9036E}.AppStore|iPhoneSimulator.ActiveCfg = AppStore|iPhoneSimulator
		{9128032D-39DA-4C26-B5E1-CB34D2B9036E}.AppStore|iPhoneSimulator.Build.0 = AppStore|iPhoneSimulator
		{9128032D-39DA-4C26-B5E1-CB34D2B9036E}.AppStore|iPhoneSimulator.Deploy.0 = AppStore|iPhoneSimulator
		{9128032D-39DA-4C26-B5E1-CB34D2B9036E}.Debug|Any CPU.ActiveCfg = Debug|iPhoneSimulator
		{9128032D-39DA-4C26-B5E1-CB34D2B9036E}.Debug|Any CPU.Build.0 = Debug|iPhoneSimulator
		{9128032D-39DA-4C26-B5E1-CB34D2B9036E}.Debug|Any CPU.Deploy.0 = Debug|iPhoneSimulator
		{9128032D-39DA-4C26-B5E1-CB34D2B9036E}.Debug|iPhone.ActiveCfg = Debug|iPhone
		{9128032D-39DA-4C26-B5E1-CB34D2B9036E}.Debug|iPhone.Build.0 = Debug|iPhone
		{9128032D-39DA-4C26-B5E1-CB34D2B9036E}.Debug|iPhone.Deploy.0 = Debug|iPhone
		{9128032D-39DA-4C26-B5E1-CB34D2B9036E}.Debug|iPhoneSimulator.ActiveCfg = Debug|iPhoneSimulator
		{9128032D-39DA-4C26-B5E1-CB34D2B9036E}.Debug|iPhoneSimulator.Build.0 = Debug|iPhoneSimulator
		{9128032D-39DA-4C26-B5E1-CB34D2B9036E}.Debug|iPhoneSimulator.Deploy.0 = Debug|iPhoneSimulator
		{9128032D-39DA-4C26-B5E1-CB34D2B9036E}.Release|Any CPU.ActiveCfg = Release|iPhone
		{9128032D-39DA-4C26-B5E1-CB34D2B9036E}.Release|Any CPU.Build.0 = Release|iPhone
		{9128032D-39DA-4C26-B5E1-CB34D2B9036E}.Release|Any CPU.Deploy.0 = Release|iPhone
		{9128032D-39DA-4C26-B5E1-CB34D2B9036E}.Release|iPhone.ActiveCfg = Release|iPhone
		{9128032D-39DA-4C26-B5E1-CB34D2B9036E}.Release|iPhone.Build.0 = Release|iPhone
		{9128032D-39DA-4C26-B5E1-CB34D2B9036E}.Release|iPhone.Deploy.0 = Release|iPhone
		{9128032D-39DA-4C26-B5E1-CB34D2B9036E}.Release|iPhoneSimulator.ActiveCfg = Release|iPhoneSimulator
		{9128032D-39DA-4C26-B5E1-CB34D2B9036E}.Release|iPhoneSimulator.Build.0 = Release|iPhoneSimulator
		{9128032D-39DA-4C26-B5E1-CB34D2B9036E}.Release|iPhoneSimulator.Deploy.0 = Release|iPhoneSimulator
		{034329CC-F168-4DBE-AB7D-913F1DAB1DBE}.Ad-Hoc|Any CPU.ActiveCfg = Debug|Any CPU
		{034329CC-F168-4DBE-AB7D-913F1DAB1DBE}.Ad-Hoc|Any CPU.Build.0 = Debug|Any CPU
		{034329CC-F168-4DBE-AB7D-913F1DAB1DBE}.Ad-Hoc|Any CPU.Deploy.0 = Debug|Any CPU
		{034329CC-F168-4DBE-AB7D-913F1DAB1DBE}.Ad-Hoc|iPhone.ActiveCfg = Debug|Any CPU
		{034329CC-F168-4DBE-AB7D-913F1DAB1DBE}.Ad-Hoc|iPhone.Build.0 = Debug|Any CPU
		{034329CC-F168-4DBE-AB7D-913F1DAB1DBE}.Ad-Hoc|iPhone.Deploy.0 = Debug|Any CPU
		{034329CC-F168-4DBE-AB7D-913F1DAB1DBE}.Ad-Hoc|iPhoneSimulator.ActiveCfg = Debug|Any CPU
		{034329CC-F168-4DBE-AB7D-913F1DAB1DBE}.Ad-Hoc|iPhoneSimulator.Build.0 = Debug|Any CPU
		{034329CC-F168-4DBE-AB7D-913F1DAB1DBE}.Ad-Hoc|iPhoneSimulator.Deploy.0 = Debug|Any CPU
		{034329CC-F168-4DBE-AB7D-913F1DAB1DBE}.AppStore|Any CPU.ActiveCfg = Debug|Any CPU
		{034329CC-F168-4DBE-AB7D-913F1DAB1DBE}.AppStore|Any CPU.Build.0 = Debug|Any CPU
		{034329CC-F168-4DBE-AB7D-913F1DAB1DBE}.AppStore|Any CPU.Deploy.0 = Debug|Any CPU
		{034329CC-F168-4DBE-AB7D-913F1DAB1DBE}.AppStore|iPhone.ActiveCfg = Debug|Any CPU
		{034329CC-F168-4DBE-AB7D-913F1DAB1DBE}.AppStore|iPhone.Build.0 = Debug|Any CPU
		{034329CC-F168-4DBE-AB7D-913F1DAB1DBE}.AppStore|iPhone.Deploy.0 = Debug|Any CPU
		{034329CC-F168-4DBE-AB7D-913F1DAB1DBE}.AppStore|iPhoneSimulator.ActiveCfg = Debug|Any CPU
		{034329CC-F168-4DBE-AB7D-913F1DAB1DBE}.AppStore|iPhoneSimulator.Build.0 = Debug|Any CPU
		{034329CC-F168-4DBE-AB7D-913F1DAB1DBE}.AppStore|iPhoneSimulator.Deploy.0 = Debug|Any CPU
		{034329CC-F168-4DBE-AB7D-913F1DAB1DBE}.Debug|Any CPU.ActiveCfg = Debug|Any CPU
		{034329CC-F168-4DBE-AB7D-913F1DAB1DBE}.Debug|Any CPU.Build.0 = Debug|Any CPU
		{034329CC-F168-4DBE-AB7D-913F1DAB1DBE}.Debug|Any CPU.Deploy.0 = Debug|Any CPU
		{034329CC-F168-4DBE-AB7D-913F1DAB1DBE}.Debug|iPhone.ActiveCfg = Debug|Any CPU
		{034329CC-F168-4DBE-AB7D-913F1DAB1DBE}.Debug|iPhone.Build.0 = Debug|Any CPU
		{034329CC-F168-4DBE-AB7D-913F1DAB1DBE}.Debug|iPhone.Deploy.0 = Debug|Any CPU
		{034329CC-F168-4DBE-AB7D-913F1DAB1DBE}.Debug|iPhoneSimulator.ActiveCfg = Debug|Any CPU
		{034329CC-F168-4DBE-AB7D-913F1DAB1DBE}.Debug|iPhoneSimulator.Build.0 = Debug|Any CPU
		{034329CC-F168-4DBE-AB7D-913F1DAB1DBE}.Debug|iPhoneSimulator.Deploy.0 = Debug|Any CPU
		{034329CC-F168-4DBE-AB7D-913F1DAB1DBE}.Release|Any CPU.ActiveCfg = Release|Any CPU
		{034329CC-F168-4DBE-AB7D-913F1DAB1DBE}.Release|Any CPU.Build.0 = Release|Any CPU
		{034329CC-F168-4DBE-AB7D-913F1DAB1DBE}.Release|Any CPU.Deploy.0 = Release|Any CPU
		{034329CC-F168-4DBE-AB7D-913F1DAB1DBE}.Release|iPhone.ActiveCfg = Release|Any CPU
		{034329CC-F168-4DBE-AB7D-913F1DAB1DBE}.Release|iPhone.Build.0 = Release|Any CPU
		{034329CC-F168-4DBE-AB7D-913F1DAB1DBE}.Release|iPhone.Deploy.0 = Release|Any CPU
		{034329CC-F168-4DBE-AB7D-913F1DAB1DBE}.Release|iPhoneSimulator.ActiveCfg = Release|Any CPU
		{034329CC-F168-4DBE-AB7D-913F1DAB1DBE}.Release|iPhoneSimulator.Build.0 = Release|Any CPU
		{034329CC-F168-4DBE-AB7D-913F1DAB1DBE}.Release|iPhoneSimulator.Deploy.0 = Release|Any CPU
	EndGlobalSection
	GlobalSection(SolutionProperties) = preSolution
		HideSolutionNode = FALSE
	EndGlobalSection
	GlobalSection(ExtensibilityGlobals) = postSolution
		SolutionGuid = {6CC7AB8F-30CF-4083-A5C8-7FA43B31576A}
	EndGlobalSection
EndGlobal
